
Microsoft Visual Studio Solution File, Format Version 12.00
# Visual Studio 15
VisualStudioVersion = 15.0.28307.1022
MinimumVisualStudioVersion = 10.0.40219.1
Project("{8BC9CEB8-8B4A-11D0-8D11-00A0C91BC942}") = "paint1", "paint1\paint1.vcxproj", "{D8FE2AEA-D0BD-4DD8-9F46-2F4BF5A8984F}"
EndProject
Global
	GlobalSection(SolutionConfigurationPlatforms) = preSolution
		Debug|x64 = Debug|x64
		Debug|x86 = Debug|x86
		Release|x64 = Release|x64
		Release|x86 = Release|x86
	EndGlobalSection
	GlobalSection(ProjectConfigurationPlatforms) = postSolution
		{D8FE2AEA-D0BD-4DD8-9F46-2F4BF5A8984F}.Debug|x64.ActiveCfg = Debug|x64
		{D8FE2AEA-D0BD-4DD8-9F46-2F4BF5A8984F}.Debug|x64.Build.0 = Debug|x64
		{D8FE2AEA-D0BD-4DD8-9F46-2F4BF5A8984F}.Debug|x86.ActiveCfg = Debug|Win32
		{D8FE2AEA-D0BD-4DD8-9F46-2F4BF5A8984F}.Debug|x86.Build.0 = Debug|Win32
		{D8FE2AEA-D0BD-4DD8-9F46-2F4BF5A8984F}.Release|x64.ActiveCfg = Release|x64
		{D8FE2AEA-D0BD-4DD8-9F46-2F4BF5A8984F}.Release|x64.Build.0 = Release|x64
		{D8FE2AEA-D0BD-4DD8-9F46-2F4BF5A8984F}.Release|x86.ActiveCfg = Release|Win32
		{D8FE2AEA-D0BD-4DD8-9F46-2F4BF5A8984F}.Release|x86.Build.0 = Release|Win32
	EndGlobalSection
	GlobalSection(SolutionProperties) = preSolution
		HideSolutionNode = FALSE
	EndGlobalSection
	GlobalSection(ExtensibilityGlobals) = postSolution
		SolutionGuid = {E0C4788F-6DB0-42B6-B45B-6D39B2C12588}
	EndGlobalSection
EndGlobal
